
Microsoft Visual Studio Solution File, Format Version 12.00
# Visual Studio Version 16
VisualStudioVersion = 16.0.28705.295
MinimumVisualStudioVersion = 10.0.40219.1
Project("{888888A0-9F3D-457C-B088-3A5042F75D52}") = "FiekTcpServeri", "FiekTcpServeri\FiekTcpServeri.pyproj", "{0FDC96F5-DB1A-4CC0-9F63-B1E48F8703DB}"
EndProject
Global
	GlobalSection(SolutionConfigurationPlatforms) = preSolution
		Debug|Any CPU = Debug|Any CPU
		Release|Any CPU = Release|Any CPU
	EndGlobalSection
	GlobalSection(ProjectConfigurationPlatforms) = postSolution
		{0FDC96F5-DB1A-4CC0-9F63-B1E48F8703DB}.Debug|Any CPU.ActiveCfg = Debug|Any CPU
		{0FDC96F5-DB1A-4CC0-9F63-B1E48F8703DB}.Release|Any CPU.ActiveCfg = Release|Any CPU
	EndGlobalSection
	GlobalSection(SolutionProperties) = preSolution
		HideSolutionNode = FALSE
	EndGlobalSection
	GlobalSection(ExtensibilityGlobals) = postSolution
		SolutionGuid = {7FC14B64-E8CB-4663-A654-2CEFE604F396}
	EndGlobalSection
EndGlobal
